
Microsoft Visual Studio Solution File, Format Version 12.00
# Visual Studio 15
VisualStudioVersion = 15.0.27703.2018
MinimumVisualStudioVersion = 10.0.40219.1
Project("{8BC9CEB8-8B4A-11D0-8D11-00A0C91BC942}") = "TcpServer", "TcpServer\TcpServer.vcxproj", "{EB7B27F6-65FD-4A9E-8475-3CBF61DFC530}"
	ProjectSection(ProjectDependencies) = postProject
		{32547066-3772-4B06-9D3C-04D1AB55F479} = {32547066-3772-4B06-9D3C-04D1AB55F479}
	EndProjectSection
EndProject
Project("{8BC9CEB8-8B4A-11D0-8D11-00A0C91BC942}") = "Sockets", "TCP\TCP.vcxproj", "{32547066-3772-4B06-9D3C-04D1AB55F479}"
EndProject
Project("{8BC9CEB8-8B4A-11D0-8D11-00A0C91BC942}") = "TcpClient", "TcpClient\TcpClient.vcxproj", "{0A4C27FD-CB07-453A-A55C-E4958E928664}"
EndProject
Project("{8BC9CEB8-8B4A-11D0-8D11-00A0C91BC942}") = "NetworkStream", "NetworkStream\NetworkStream.vcxproj", "{90A50C04-B84D-4693-84C6-CFCD48A6EF08}"
EndProject
Global
	GlobalSection(SolutionConfigurationPlatforms) = preSolution
		Debug|x64 = Debug|x64
		Debug|x86 = Debug|x86
		DebugDLL|x64 = DebugDLL|x64
		DebugDLL|x86 = DebugDLL|x86
		Release|x64 = Release|x64
		Release|x86 = Release|x86
		ReleaseDLL|x64 = ReleaseDLL|x64
		ReleaseDLL|x86 = ReleaseDLL|x86
	EndGlobalSection
	GlobalSection(ProjectConfigurationPlatforms) = postSolution
		{EB7B27F6-65FD-4A9E-8475-3CBF61DFC530}.Debug|x64.ActiveCfg = Debug|x64
		{EB7B27F6-65FD-4A9E-8475-3CBF61DFC530}.Debug|x64.Build.0 = Debug|x64
		{EB7B27F6-65FD-4A9E-8475-3CBF61DFC530}.Debug|x86.ActiveCfg = Debug|Win32
		{EB7B27F6-65FD-4A9E-8475-3CBF61DFC530}.Debug|x86.Build.0 = Debug|Win32
		{EB7B27F6-65FD-4A9E-8475-3CBF61DFC530}.DebugDLL|x64.ActiveCfg = Debug|x64
		{EB7B27F6-65FD-4A9E-8475-3CBF61DFC530}.DebugDLL|x64.Build.0 = Debug|x64
		{EB7B27F6-65FD-4A9E-8475-3CBF61DFC530}.DebugDLL|x86.ActiveCfg = DebugDLL|Win32
		{EB7B27F6-65FD-4A9E-8475-3CBF61DFC530}.DebugDLL|x86.Build.0 = DebugDLL|Win32
		{EB7B27F6-65FD-4A9E-8475-3CBF61DFC530}.Release|x64.ActiveCfg = STATIC|x64
		{EB7B27F6-65FD-4A9E-8475-3CBF61DFC530}.Release|x64.Build.0 = STATIC|x64
		{EB7B27F6-65FD-4A9E-8475-3CBF61DFC530}.Release|x86.ActiveCfg = STATIC|Win32
		{EB7B27F6-65FD-4A9E-8475-3CBF61DFC530}.Release|x86.Build.0 = STATIC|Win32
		{EB7B27F6-65FD-4A9E-8475-3CBF61DFC530}.ReleaseDLL|x64.ActiveCfg = STATIC|x64
		{EB7B27F6-65FD-4A9E-8475-3CBF61DFC530}.ReleaseDLL|x64.Build.0 = STATIC|x64
		{EB7B27F6-65FD-4A9E-8475-3CBF61DFC530}.ReleaseDLL|x86.ActiveCfg = DLL|Win32
		{EB7B27F6-65FD-4A9E-8475-3CBF61DFC530}.ReleaseDLL|x86.Build.0 = DLL|Win32
		{32547066-3772-4B06-9D3C-04D1AB55F479}.Debug|x64.ActiveCfg = Debug|x64
		{32547066-3772-4B06-9D3C-04D1AB55F479}.Debug|x64.Build.0 = Debug|x64
		{32547066-3772-4B06-9D3C-04D1AB55F479}.Debug|x86.ActiveCfg = Debug|Win32
		{32547066-3772-4B06-9D3C-04D1AB55F479}.Debug|x86.Build.0 = Debug|Win32
		{32547066-3772-4B06-9D3C-04D1AB55F479}.DebugDLL|x64.ActiveCfg = DebugDLL|x64
		{32547066-3772-4B06-9D3C-04D1AB55F479}.DebugDLL|x64.Build.0 = DebugDLL|x64
		{32547066-3772-4B06-9D3C-04D1AB55F479}.DebugDLL|x86.ActiveCfg = DebugDLL|Win32
		{32547066-3772-4B06-9D3C-04D1AB55F479}.DebugDLL|x86.Build.0 = DebugDLL|Win32
		{32547066-3772-4B06-9D3C-04D1AB55F479}.Release|x64.ActiveCfg = STATIC|x64
		{32547066-3772-4B06-9D3C-04D1AB55F479}.Release|x64.Build.0 = STATIC|x64
		{32547066-3772-4B06-9D3C-04D1AB55F479}.Release|x86.ActiveCfg = STATIC|Win32
		{32547066-3772-4B06-9D3C-04D1AB55F479}.Release|x86.Build.0 = STATIC|Win32
		{32547066-3772-4B06-9D3C-04D1AB55F479}.ReleaseDLL|x64.ActiveCfg = DLL|x64
		{32547066-3772-4B06-9D3C-04D1AB55F479}.ReleaseDLL|x64.Build.0 = DLL|x64
		{32547066-3772-4B06-9D3C-04D1AB55F479}.ReleaseDLL|x86.ActiveCfg = DLL|Win32
		{32547066-3772-4B06-9D3C-04D1AB55F479}.ReleaseDLL|x86.Build.0 = DLL|Win32
		{0A4C27FD-CB07-453A-A55C-E4958E928664}.Debug|x64.ActiveCfg = Debug|x64
		{0A4C27FD-CB07-453A-A55C-E4958E928664}.Debug|x64.Build.0 = Debug|x64
		{0A4C27FD-CB07-453A-A55C-E4958E928664}.Debug|x86.ActiveCfg = Debug|Win32
		{0A4C27FD-CB07-453A-A55C-E4958E928664}.Debug|x86.Build.0 = Debug|Win32
		{0A4C27FD-CB07-453A-A55C-E4958E928664}.DebugDLL|x64.ActiveCfg = Debug|x64
		{0A4C27FD-CB07-453A-A55C-E4958E928664}.DebugDLL|x64.Build.0 = Debug|x64
		{0A4C27FD-CB07-453A-A55C-E4958E928664}.DebugDLL|x86.ActiveCfg = Debug|Win32
		{0A4C27FD-CB07-453A-A55C-E4958E928664}.DebugDLL|x86.Build.0 = Debug|Win32
		{0A4C27FD-CB07-453A-A55C-E4958E928664}.Release|x64.ActiveCfg = Release|x64
		{0A4C27FD-CB07-453A-A55C-E4958E928664}.Release|x64.Build.0 = Release|x64
		{0A4C27FD-CB07-453A-A55C-E4958E928664}.Release|x86.ActiveCfg = Release|Win32
		{0A4C27FD-CB07-453A-A55C-E4958E928664}.Release|x86.Build.0 = Release|Win32
		{0A4C27FD-CB07-453A-A55C-E4958E928664}.ReleaseDLL|x64.ActiveCfg = Release|x64
		{0A4C27FD-CB07-453A-A55C-E4958E928664}.ReleaseDLL|x64.Build.0 = Release|x64
		{0A4C27FD-CB07-453A-A55C-E4958E928664}.ReleaseDLL|x86.ActiveCfg = Release|Win32
		{0A4C27FD-CB07-453A-A55C-E4958E928664}.ReleaseDLL|x86.Build.0 = Release|Win32
		{90A50C04-B84D-4693-84C6-CFCD48A6EF08}.Debug|x64.ActiveCfg = Debug|x64
		{90A50C04-B84D-4693-84C6-CFCD48A6EF08}.Debug|x64.Build.0 = Debug|x64
		{90A50C04-B84D-4693-84C6-CFCD48A6EF08}.Debug|x86.ActiveCfg = Debug|Win32
		{90A50C04-B84D-4693-84C6-CFCD48A6EF08}.Debug|x86.Build.0 = Debug|Win32
		{90A50C04-B84D-4693-84C6-CFCD48A6EF08}.DebugDLL|x64.ActiveCfg = Debug|x64
		{90A50C04-B84D-4693-84C6-CFCD48A6EF08}.DebugDLL|x64.Build.0 = Debug|x64
		{90A50C04-B84D-4693-84C6-CFCD48A6EF08}.DebugDLL|x86.ActiveCfg = Debug|Win32
		{90A50C04-B84D-4693-84C6-CFCD48A6EF08}.DebugDLL|x86.Build.0 = Debug|Win32
		{90A50C04-B84D-4693-84C6-CFCD48A6EF08}.Release|x64.ActiveCfg = Release|x64
		{90A50C04-B84D-4693-84C6-CFCD48A6EF08}.Release|x64.Build.0 = Release|x64
		{90A50C04-B84D-4693-84C6-CFCD48A6EF08}.Release|x86.ActiveCfg = Release|Win32
		{90A50C04-B84D-4693-84C6-CFCD48A6EF08}.Release|x86.Build.0 = Release|Win32
		{90A50C04-B84D-4693-84C6-CFCD48A6EF08}.ReleaseDLL|x64.ActiveCfg = Release|x64
		{90A50C04-B84D-4693-84C6-CFCD48A6EF08}.ReleaseDLL|x64.Build.0 = Release|x64
		{90A50C04-B84D-4693-84C6-CFCD48A6EF08}.ReleaseDLL|x86.ActiveCfg = Release|Win32
		{90A50C04-B84D-4693-84C6-CFCD48A6EF08}.ReleaseDLL|x86.Build.0 = Release|Win32
	EndGlobalSection
	GlobalSection(SolutionProperties) = preSolution
		HideSolutionNode = FALSE
	EndGlobalSection
	GlobalSection(ExtensibilityGlobals) = postSolution
		SolutionGuid = {44F0E65B-9323-4C31-AB46-54722C2432A6}
	EndGlobalSection
EndGlobal
